// !$*UTF8*$!
{
	archiveVersion = 1;
	classes = {
	};
	objectVersion = 56;
	objects = {

/* Begin PBXBuildFile section */
		DD2206E82B8234ED002FD181 /* AITextAppApp.swift in Sources */ = {isa = PBXBuildFile; fileRef = DD2206E72B8234ED002FD181 /* AITextAppApp.swift */; };
		DD2206EA2B8234ED002FD181 /* ContentView.swift in Sources */ = {isa = PBXBuildFile; fileRef = DD2206E92B8234ED002FD181 /* ContentView.swift */; };
		DD2206EC2B8234F0002FD181 /* Assets.xcassets in Resources */ = {isa = PBXBuildFile; fileRef = DD2206EB2B8234F0002FD181 /* Assets.xcassets */; };
		DD2206EF2B8234F0002FD181 /* Preview Assets.xcassets in Resources */ = {isa = PBXBuildFile; fileRef = DD2206EE2B8234F0002FD181 /* Preview Assets.xcassets */; };
		DD2206F92B8234F0002FD181 /* AITextAppTests.swift in Sources */ = {isa = PBXBuildFile; fileRef = DD2206F82B8234F0002FD181 /* AITextAppTests.swift */; };
		DD2207032B8234F0002FD181 /* AITextAppUITests.swift in Sources */ = {isa = PBXBuildFile; fileRef = DD2207022B8234F0002FD181 /* AITextAppUITests.swift */; };
		DD2207052B8234F0002FD181 /* AITextAppUITestsLaunchTests.swift in Sources */ = {isa = PBXBuildFile; fileRef = DD2207042B8234F0002FD181 /* AITextAppUITestsLaunchTests.swift */; };
		DD2207122B8235DE002FD181 /* RecordingItemView.swift in Sources */ = {isa = PBXBuildFile; fileRef = DD2207112B8235DE002FD181 /* RecordingItemView.swift */; };
		DD2207142B823BFE002FD181 /* NewRecordingView.swift in Sources */ = {isa = PBXBuildFile; fileRef = DD2207132B823BFE002FD181 /* NewRecordingView.swift */; };
		DD2207172B823EFC002FD181 /* AVAudioManager.swift in Sources */ = {isa = PBXBuildFile; fileRef = DD2207162B823EFC002FD181 /* AVAudioManager.swift */; };
		DD22071A2B8249B1002FD181 /* StopWatchManager.swift in Sources */ = {isa = PBXBuildFile; fileRef = DD2207192B8249B1002FD181 /* StopWatchManager.swift */; };
/* End PBXBuildFile section */

/* Begin PBXContainerItemProxy section */
		DD2206F52B8234F0002FD181 /* PBXContainerItemProxy */ = {
			isa = PBXContainerItemProxy;
			containerPortal = DD2206DC2B8234ED002FD181 /* Project object */;
			proxyType = 1;
			remoteGlobalIDString = DD2206E32B8234ED002FD181;
			remoteInfo = AITextApp;
		};
		DD2206FF2B8234F0002FD181 /* PBXContainerItemProxy */ = {
			isa = PBXContainerItemProxy;
			containerPortal = DD2206DC2B8234ED002FD181 /* Project object */;
			proxyType = 1;
			remoteGlobalIDString = DD2206E32B8234ED002FD181;
			remoteInfo = AITextApp;
		};
/* End PBXContainerItemProxy section */

/* Begin PBXFileReference section */
		DD2206E42B8234ED002FD181 /* AITextApp.app */ = {isa = PBXFileReference; explicitFileType = wrapper.application; includeInIndex = 0; path = AITextApp.app; sourceTree = BUILT_PRODUCTS_DIR; };
		DD2206E72B8234ED002FD181 /* AITextAppApp.swift */ = {isa = PBXFileReference; lastKnownFileType = sourcecode.swift; path = AITextAppApp.swift; sourceTree = "<group>"; };
		DD2206E92B8234ED002FD181 /* ContentView.swift */ = {isa = PBXFileReference; lastKnownFileType = sourcecode.swift; path = ContentView.swift; sourceTree = "<group>"; };
		DD2206EB2B8234F0002FD181 /* Assets.xcassets */ = {isa = PBXFileReference; lastKnownFileType = folder.assetcatalog; path = Assets.xcassets; sourceTree = "<group>"; };
		DD2206EE2B8234F0002FD181 /* Preview Assets.xcassets */ = {isa = PBXFileReference; lastKnownFileType = folder.assetcatalog; path = "Preview Assets.xcassets"; sourceTree = "<group>"; };
		DD2206F42B8234F0002FD181 /* AITextAppTests.xctest */ = {isa = PBXFileReference; explicitFileType = wrapper.cfbundle; includeInIndex = 0; path = AITextAppTests.xctest; sourceTree = BUILT_PRODUCTS_DIR; };
		DD2206F82B8234F0002FD181 /* AITextAppTests.swift */ = {isa = PBXFileReference; lastKnownFileType = sourcecode.swift; path = AITextAppTests.swift; sourceTree = "<group>"; };
		DD2206FE2B8234F0002FD181 /* AITextAppUITests.xctest */ = {isa = PBXFileReference; explicitFileType = wrapper.cfbundle; includeInIndex = 0; path = AITextAppUITests.xctest; sourceTree = BUILT_PRODUCTS_DIR; };
		DD2207022B8234F0002FD181 /* AITextAppUITests.swift */ = {isa = PBXFileReference; lastKnownFileType = sourcecode.swift; path = AITextAppUITests.swift; sourceTree = "<group>"; };
		DD2207042B8234F0002FD181 /* AITextAppUITestsLaunchTests.swift */ = {isa = PBXFileReference; lastKnownFileType = sourcecode.swift; path = AITextAppUITestsLaunchTests.swift; sourceTree = "<group>"; };
		DD2207112B8235DE002FD181 /* RecordingItemView.swift */ = {isa = PBXFileReference; lastKnownFileType = sourcecode.swift; path = RecordingItemView.swift; sourceTree = "<group>"; };
		DD2207132B823BFE002FD181 /* NewRecordingView.swift */ = {isa = PBXFileReference; lastKnownFileType = sourcecode.swift; path = NewRecordingView.swift; sourceTree = "<group>"; };
		DD2207162B823EFC002FD181 /* AVAudioManager.swift */ = {isa = PBXFileReference; lastKnownFileType = sourcecode.swift; path = AVAudioManager.swift; sourceTree = "<group>"; };
		DD2207182B8246E1002FD181 /* Info.plist */ = {isa = PBXFileReference; lastKnownFileType = text.plist; path = Info.plist; sourceTree = "<group>"; };
		DD2207192B8249B1002FD181 /* StopWatchManager.swift */ = {isa = PBXFileReference; lastKnownFileType = sourcecode.swift; path = StopWatchManager.swift; sourceTree = "<group>"; };
/* End PBXFileReference section */

/* Begin PBXFrameworksBuildPhase section */
		DD2206E12B8234ED002FD181 /* Frameworks */ = {
			isa = PBXFrameworksBuildPhase;
			buildActionMask = 2147483647;
			files = (
			);
			runOnlyForDeploymentPostprocessing = 0;
		};
		DD2206F12B8234F0002FD181 /* Frameworks */ = {
			isa = PBXFrameworksBuildPhase;
			buildActionMask = 2147483647;
			files = (
			);
			runOnlyForDeploymentPostprocessing = 0;
		};
		DD2206FB2B8234F0002FD181 /* Frameworks */ = {
			isa = PBXFrameworksBuildPhase;
			buildActionMask = 2147483647;
			files = (
			);
			runOnlyForDeploymentPostprocessing = 0;
		};
/* End PBXFrameworksBuildPhase section */

/* Begin PBXGroup section */
		DD2206DB2B8234ED002FD181 = {
			isa = PBXGroup;
			children = (
				DD2206E62B8234ED002FD181 /* AITextApp */,
				DD2206F72B8234F0002FD181 /* AITextAppTests */,
				DD2207012B8234F0002FD181 /* AITextAppUITests */,
				DD2206E52B8234ED002FD181 /* Products */,
			);
			sourceTree = "<group>";
		};
		DD2206E52B8234ED002FD181 /* Products */ = {
			isa = PBXGroup;
			children = (
				DD2206E42B8234ED002FD181 /* AITextApp.app */,
				DD2206F42B8234F0002FD181 /* AITextAppTests.xctest */,
				DD2206FE2B8234F0002FD181 /* AITextAppUITests.xctest */,
			);
			name = Products;
			sourceTree = "<group>";
		};
		DD2206E62B8234ED002FD181 /* AITextApp */ = {
			isa = PBXGroup;
			children = (
				DD2207182B8246E1002FD181 /* Info.plist */,
				DD2206E72B8234ED002FD181 /* AITextAppApp.swift */,
				DD2207152B823E8D002FD181 /* View */,
				DD2207162B823EFC002FD181 /* AVAudioManager.swift */,
				DD2207192B8249B1002FD181 /* StopWatchManager.swift */,
				DD2206EB2B8234F0002FD181 /* Assets.xcassets */,
				DD2206ED2B8234F0002FD181 /* Preview Content */,
			);
			path = AITextApp;
			sourceTree = "<group>";
		};
		DD2206ED2B8234F0002FD181 /* Preview Content */ = {
			isa = PBXGroup;
			children = (
				DD2206EE2B8234F0002FD181 /* Preview Assets.xcassets */,
			);
			path = "Preview Content";
			sourceTree = "<group>";
		};
		DD2206F72B8234F0002FD181 /* AITextAppTests */ = {
			isa = PBXGroup;
			children = (
				DD2206F82B8234F0002FD181 /* AITextAppTests.swift */,
			);
			path = AITextAppTests;
			sourceTree = "<group>";
		};
		DD2207012B8234F0002FD181 /* AITextAppUITests */ = {
			isa = PBXGroup;
			children = (
				DD2207022B8234F0002FD181 /* AITextAppUITests.swift */,
				DD2207042B8234F0002FD181 /* AITextAppUITestsLaunchTests.swift */,
			);
			path = AITextAppUITests;
			sourceTree = "<group>";
		};
		DD2207152B823E8D002FD181 /* View */ = {
			isa = PBXGroup;
			children = (
				DD2206E92B8234ED002FD181 /* ContentView.swift */,
				DD2207112B8235DE002FD181 /* RecordingItemView.swift */,
				DD2207132B823BFE002FD181 /* NewRecordingView.swift */,
			);
			path = View;
			sourceTree = "<group>";
		};
/* End PBXGroup section */

/* Begin PBXNativeTarget section */
		DD2206E32B8234ED002FD181 /* AITextApp */ = {
			isa = PBXNativeTarget;
			buildConfigurationList = DD2207082B8234F0002FD181 /* Build configuration list for PBXNativeTarget "AITextApp" */;
			buildPhases = (
				DD2206E02B8234ED002FD181 /* Sources */,
				DD2206E12B8234ED002FD181 /* Frameworks */,
				DD2206E22B8234ED002FD181 /* Resources */,
			);
			buildRules = (
			);
			dependencies = (
			);
			name = AITextApp;
			productName = AITextApp;
			productReference = DD2206E42B8234ED002FD181 /* AITextApp.app */;
			productType = "com.apple.product-type.application";
		};
		DD2206F32B8234F0002FD181 /* AITextAppTests */ = {
			isa = PBXNativeTarget;
			buildConfigurationList = DD22070B2B8234F0002FD181 /* Build configuration list for PBXNativeTarget "AITextAppTests" */;
			buildPhases = (
				DD2206F02B8234F0002FD181 /* Sources */,
				DD2206F12B8234F0002FD181 /* Frameworks */,
				DD2206F22B8234F0002FD181 /* Resources */,
			);
			buildRules = (
			);
			dependencies = (
				DD2206F62B8234F0002FD181 /* PBXTargetDependency */,
			);
			name = AITextAppTests;
			productName = AITextAppTests;
			productReference = DD2206F42B8234F0002FD181 /* AITextAppTests.xctest */;
			productType = "com.apple.product-type.bundle.unit-test";
		};
		DD2206FD2B8234F0002FD181 /* AITextAppUITests */ = {
			isa = PBXNativeTarget;
			buildConfigurationList = DD22070E2B8234F0002FD181 /* Build configuration list for PBXNativeTarget "AITextAppUITests" */;
			buildPhases = (
				DD2206FA2B8234F0002FD181 /* Sources */,
				DD2206FB2B8234F0002FD181 /* Frameworks */,
				DD2206FC2B8234F0002FD181 /* Resources */,
			);
			buildRules = (
			);
			dependencies = (
				DD2207002B8234F0002FD181 /* PBXTargetDependency */,
			);
			name = AITextAppUITests;
			productName = AITextAppUITests;
			productReference = DD2206FE2B8234F0002FD181 /* AITextAppUITests.xctest */;
			productType = "com.apple.product-type.bundle.ui-testing";
		};
/* End PBXNativeTarget section */

/* Begin PBXProject section */
		DD2206DC2B8234ED002FD181 /* Project object */ = {
			isa = PBXProject;
			attributes = {
				BuildIndependentTargetsInParallel = 1;
				LastSwiftUpdateCheck = 1520;
				LastUpgradeCheck = 1520;
				TargetAttributes = {
					DD2206E32B8234ED002FD181 = {
						CreatedOnToolsVersion = 15.2;
					};
					DD2206F32B8234F0002FD181 = {
						CreatedOnToolsVersion = 15.2;
						TestTargetID = DD2206E32B8234ED002FD181;
					};
					DD2206FD2B8234F0002FD181 = {
						CreatedOnToolsVersion = 15.2;
						TestTargetID = DD2206E32B8234ED002FD181;
					};
				};
			};
			buildConfigurationList = DD2206DF2B8234ED002FD181 /* Build configuration list for PBXProject "AITextApp" */;
			compatibilityVersion = "Xcode 14.0";
			developmentRegion = en;
			hasScannedForEncodings = 0;
			knownRegions = (
				en,
				Base,
			);
			mainGroup = DD2206DB2B8234ED002FD181;
			productRefGroup = DD2206E52B8234ED002FD181 /* Products */;
			projectDirPath = "";
			projectRoot = "";
			targets = (
				DD2206E32B8234ED002FD181 /* AITextApp */,
				DD2206F32B8234F0002FD181 /* AITextAppTests */,
				DD2206FD2B8234F0002FD181 /* AITextAppUITests */,
			);
		};
/* End PBXProject section */

/* Begin PBXResourcesBuildPhase section */
		DD2206E22B8234ED002FD181 /* Resources */ = {
			isa = PBXResourcesBuildPhase;
			buildActionMask = 2147483647;
			files = (
				DD2206EF2B8234F0002FD181 /* Preview Assets.xcassets in Resources */,
				DD2206EC2B8234F0002FD181 /* Assets.xcassets in Resources */,
			);
			runOnlyForDeploymentPostprocessing = 0;
		};
		DD2206F22B8234F0002FD181 /* Resources */ = {
			isa = PBXResourcesBuildPhase;
			buildActionMask = 2147483647;
			files = (
			);
			runOnlyForDeploymentPostprocessing = 0;
		};
		DD2206FC2B8234F0002FD181 /* Resources */ = {
			isa = PBXResourcesBuildPhase;
			buildActionMask = 2147483647;
			files = (
			);
			runOnlyForDeploymentPostprocessing = 0;
		};
/* End PBXResourcesBuildPhase section */

/* Begin PBXSourcesBuildPhase section */
		DD2206E02B8234ED002FD181 /* Sources */ = {
			isa = PBXSourcesBuildPhase;
			buildActionMask = 2147483647;
			files = (
				DD2206EA2B8234ED002FD181 /* ContentView.swift in Sources */,
				DD22071A2B8249B1002FD181 /* StopWatchManager.swift in Sources */,
				DD2206E82B8234ED002FD181 /* AITextAppApp.swift in Sources */,
				DD2207122B8235DE002FD181 /* RecordingItemView.swift in Sources */,
				DD2207172B823EFC002FD181 /* AVAudioManager.swift in Sources */,
				DD2207142B823BFE002FD181 /* NewRecordingView.swift in Sources */,
			);
			runOnlyForDeploymentPostprocessing = 0;
		};
		DD2206F02B8234F0002FD181 /* Sources */ = {
			isa = PBXSourcesBuildPhase;
			buildActionMask = 2147483647;
			files = (
				DD2206F92B8234F0002FD181 /* AITextAppTests.swift in Sources */,
			);
			runOnlyForDeploymentPostprocessing = 0;
		};
		DD2206FA2B8234F0002FD181 /* Sources */ = {
			isa = PBXSourcesBuildPhase;
			buildActionMask = 2147483647;
			files = (
				DD2207032B8234F0002FD181 /* AITextAppUITests.swift in Sources */,
				DD2207052B8234F0002FD181 /* AITextAppUITestsLaunchTests.swift in Sources */,
			);
			runOnlyForDeploymentPostprocessing = 0;
		};
/* End PBXSourcesBuildPhase section */

/* Begin PBXTargetDependency section */
		DD2206F62B8234F0002FD181 /* PBXTargetDependency */ = {
			isa = PBXTargetDependency;
			target = DD2206E32B8234ED002FD181 /* AITextApp */;
			targetProxy = DD2206F52B8234F0002FD181 /* PBXContainerItemProxy */;
		};
		DD2207002B8234F0002FD181 /* PBXTargetDependency */ = {
			isa = PBXTargetDependency;
			target = DD2206E32B8234ED002FD181 /* AITextApp */;
			targetProxy = DD2206FF2B8234F0002FD181 /* PBXContainerItemProxy */;
		};
/* End PBXTargetDependency section */

/* Begin XCBuildConfiguration section */
		DD2207062B8234F0002FD181 /* Debug */ = {
			isa = XCBuildConfiguration;
			buildSettings = {
				ALWAYS_SEARCH_USER_PATHS = NO;
				ASSETCATALOG_COMPILER_GENERATE_SWIFT_ASSET_SYMBOL_EXTENSIONS = YES;
				CLANG_ANALYZER_NONNULL = YES;
				CLANG_ANALYZER_NUMBER_OBJECT_CONVERSION = YES_AGGRESSIVE;
				CLANG_CXX_LANGUAGE_STANDARD = "gnu++20";
				CLANG_ENABLE_MODULES = YES;
				CLANG_ENABLE_OBJC_ARC = YES;
				CLANG_ENABLE_OBJC_WEAK = YES;
				CLANG_WARN_BLOCK_CAPTURE_AUTORELEASING = YES;
				CLANG_WARN_BOOL_CONVERSION = YES;
				CLANG_WARN_COMMA = YES;
				CLANG_WARN_CONSTANT_CONVERSION = YES;
				CLANG_WARN_DEPRECATED_OBJC_IMPLEMENTATIONS = YES;
				CLANG_WARN_DIRECT_OBJC_ISA_USAGE = YES_ERROR;
				CLANG_WARN_DOCUMENTATION_COMMENTS = YES;
				CLANG_WARN_EMPTY_BODY = YES;
				CLANG_WARN_ENUM_CONVERSION = YES;
				CLANG_WARN_INFINITE_RECURSION = YES;
				CLANG_WARN_INT_CONVERSION = YES;
				CLANG_WARN_NON_LITERAL_NULL_CONVERSION = YES;
				CLANG_WARN_OBJC_IMPLICIT_RETAIN_SELF = YES;
				CLANG_WARN_OBJC_LITERAL_CONVERSION = YES;
				CLANG_WARN_OBJC_ROOT_CLASS = YES_ERROR;
				CLANG_WARN_QUOTED_INCLUDE_IN_FRAMEWORK_HEADER = YES;
				CLANG_WARN_RANGE_LOOP_ANALYSIS = YES;
				CLANG_WARN_STRICT_PROTOTYPES = YES;
				CLANG_WARN_SUSPICIOUS_MOVE = YES;
				CLANG_WARN_UNGUARDED_AVAILABILITY = YES_AGGRESSIVE;
				CLANG_WARN_UNREACHABLE_CODE = YES;
				CLANG_WARN__DUPLICATE_METHOD_MATCH = YES;
				COPY_PHASE_STRIP = NO;
				DEBUG_INFORMATION_FORMAT = dwarf;
				ENABLE_STRICT_OBJC_MSGSEND = YES;
				ENABLE_TESTABILITY = YES;
				ENABLE_USER_SCRIPT_SANDBOXING = YES;
				GCC_C_LANGUAGE_STANDARD = gnu17;
				GCC_DYNAMIC_NO_PIC = NO;
				GCC_NO_COMMON_BLOCKS = YES;
				GCC_OPTIMIZATION_LEVEL = 0;
				GCC_PREPROCESSOR_DEFINITIONS = (
					"DEBUG=1",
					"$(inherited)",
				);
				GCC_WARN_64_TO_32_BIT_CONVERSION = YES;
				GCC_WARN_ABOUT_RETURN_TYPE = YES_ERROR;
				GCC_WARN_UNDECLARED_SELECTOR = YES;
				GCC_WARN_UNINITIALIZED_AUTOS = YES_AGGRESSIVE;
				GCC_WARN_UNUSED_FUNCTION = YES;
				GCC_WARN_UNUSED_VARIABLE = YES;
				IPHONEOS_DEPLOYMENT_TARGET = 17.2;
				LOCALIZATION_PREFERS_STRING_CATALOGS = YES;
				MTL_ENABLE_DEBUG_INFO = INCLUDE_SOURCE;
				MTL_FAST_MATH = YES;
				ONLY_ACTIVE_ARCH = YES;
				SDKROOT = iphoneos;
				SWIFT_ACTIVE_COMPILATION_CONDITIONS = "DEBUG $(inherited)";
				SWIFT_OPTIMIZATION_LEVEL = "-Onone";
			};
			name = Debug;
		};
		DD2207072B8234F0002FD181 /* Release */ = {
			isa = XCBuildConfiguration;
			buildSettings = {
				ALWAYS_SEARCH_USER_PATHS = NO;
				ASSETCATALOG_COMPILER_GENERATE_SWIFT_ASSET_SYMBOL_EXTENSIONS = YES;
				CLANG_ANALYZER_NONNULL = YES;
				CLANG_ANALYZER_NUMBER_OBJECT_CONVERSION = YES_AGGRESSIVE;
				CLANG_CXX_LANGUAGE_STANDARD = "gnu++20";
				CLANG_ENABLE_MODULES = YES;
				CLANG_ENABLE_OBJC_ARC = YES;
				CLANG_ENABLE_OBJC_WEAK = YES;
				CLANG_WARN_BLOCK_CAPTURE_AUTORELEASING = YES;
				CLANG_WARN_BOOL_CONVERSION = YES;
				CLANG_WARN_COMMA = YES;
				CLANG_WARN_CONSTANT_CONVERSION = YES;
				CLANG_WARN_DEPRECATED_OBJC_IMPLEMENTATIONS = YES;
				CLANG_WARN_DIRECT_OBJC_ISA_USAGE = YES_ERROR;
				CLANG_WARN_DOCUMENTATION_COMMENTS = YES;
				CLANG_WARN_EMPTY_BODY = YES;
				CLANG_WARN_ENUM_CONVERSION = YES;
				CLANG_WARN_INFINITE_RECURSION = YES;
				CLANG_WARN_INT_CONVERSION = YES;
				CLANG_WARN_NON_LITERAL_NULL_CONVERSION = YES;
				CLANG_WARN_OBJC_IMPLICIT_RETAIN_SELF = YES;
				CLANG_WARN_OBJC_LITERAL_CONVERSION = YES;
				CLANG_WARN_OBJC_ROOT_CLASS = YES_ERROR;
				CLANG_WARN_QUOTED_INCLUDE_IN_FRAMEWORK_HEADER = YES;
				CLANG_WARN_RANGE_LOOP_ANALYSIS = YES;
				CLANG_WARN_STRICT_PROTOTYPES = YES;
				CLANG_WARN_SUSPICIOUS_MOVE = YES;
				CLANG_WARN_UNGUARDED_AVAILABILITY = YES_AGGRESSIVE;
				CLANG_WARN_UNREACHABLE_CODE = YES;
				CLANG_WARN__DUPLICATE_METHOD_MATCH = YES;
				COPY_PHASE_STRIP = NO;
				DEBUG_INFORMATION_FORMAT = "dwarf-with-dsym";
				ENABLE_NS_ASSERTIONS = NO;
				ENABLE_STRICT_OBJC_MSGSEND = YES;
				ENABLE_USER_SCRIPT_SANDBOXING = YES;
				GCC_C_LANGUAGE_STANDARD = gnu17;
				GCC_NO_COMMON_BLOCKS = YES;
				GCC_WARN_64_TO_32_BIT_CONVERSION = YES;
				GCC_WARN_ABOUT_RETURN_TYPE = YES_ERROR;
				GCC_WARN_UNDECLARED_SELECTOR = YES;
				GCC_WARN_UNINITIALIZED_AUTOS = YES_AGGRESSIVE;
				GCC_WARN_UNUSED_FUNCTION = YES;
				GCC_WARN_UNUSED_VARIABLE = YES;
				IPHONEOS_DEPLOYMENT_TARGET = 17.2;
				LOCALIZATION_PREFERS_STRING_CATALOGS = YES;
				MTL_ENABLE_DEBUG_INFO = NO;
				MTL_FAST_MATH = YES;
				SDKROOT = iphoneos;
				SWIFT_COMPILATION_MODE = wholemodule;
				VALIDATE_PRODUCT = YES;
			};
			name = Release;
		};
		DD2207092B8234F0002FD181 /* Debug */ = {
			isa = XCBuildConfiguration;
			buildSettings = {
				ASSETCATALOG_COMPILER_APPICON_NAME = AppIcon;
				ASSETCATALOG_COMPILER_GLOBAL_ACCENT_COLOR_NAME = AccentColor;
				CODE_SIGN_STYLE = Automatic;
				CURRENT_PROJECT_VERSION = 1;
				DEVELOPMENT_ASSET_PATHS = "\"AITextApp/Preview Content\"";
				DEVELOPMENT_TEAM = X55V6FTF2T;
				ENABLE_PREVIEWS = YES;
				GENERATE_INFOPLIST_FILE = YES;
				INFOPLIST_FILE = AITextApp/Info.plist;
				INFOPLIST_KEY_LSApplicationCategoryType = "";
				INFOPLIST_KEY_NSMicrophoneUsageDescription = "Please allow us to make recordings.";
				INFOPLIST_KEY_UIApplicationSceneManifest_Generation = YES;
				INFOPLIST_KEY_UIApplicationSupportsIndirectInputEvents = YES;
				INFOPLIST_KEY_UILaunchScreen_Generation = YES;
				INFOPLIST_KEY_UISupportedInterfaceOrientations_iPad = "UIInterfaceOrientationPortrait UIInterfaceOrientationPortraitUpsideDown UIInterfaceOrientationLandscapeLeft UIInterfaceOrientationLandscapeRight";
				INFOPLIST_KEY_UISupportedInterfaceOrientations_iPhone = "UIInterfaceOrientationPortrait UIInterfaceOrientationLandscapeLeft UIInterfaceOrientationLandscapeRight";
				LD_RUNPATH_SEARCH_PATHS = (
					"$(inherited)",
					"@executable_path/Frameworks",
				);
				MARKETING_VERSION = 1.0;
				PRODUCT_BUNDLE_IDENTIFIER = com.eviseek.AITextApp;
				PRODUCT_NAME = "$(TARGET_NAME)";
				SWIFT_EMIT_LOC_STRINGS = YES;
				SWIFT_VERSION = 5.0;
				TARGETED_DEVICE_FAMILY = "1,2";
			};
			name = Debug;
		};
		DD22070A2B8234F0002FD181 /* Release */ = {
			isa = XCBuildConfiguration;
			buildSettings = {
				ASSETCATALOG_COMPILER_APPICON_NAME = AppIcon;
				ASSETCATALOG_COMPILER_GLOBAL_ACCENT_COLOR_NAME = AccentColor;
				CODE_SIGN_STYLE = Automatic;
				CURRENT_PROJECT_VERSION = 1;
				DEVELOPMENT_ASSET_PATHS = "\"AITextApp/Preview Content\"";
				DEVELOPMENT_TEAM = X55V6FTF2T;
				ENABLE_PREVIEWS = YES;
				GENERATE_INFOPLIST_FILE = YES;
				INFOPLIST_FILE = AITextApp/Info.plist;
				INFOPLIST_KEY_LSApplicationCategoryType = "";
				INFOPLIST_KEY_NSMicrophoneUsageDescription = "Please allow us to make recordings.";
				INFOPLIST_KEY_UIApplicationSceneManifest_Generation = YES;
				INFOPLIST_KEY_UIApplicationSupportsIndirectInputEvents = YES;
				INFOPLIST_KEY_UILaunchScreen_Generation = YES;
				INFOPLIST_KEY_UISupportedInterfaceOrientations_iPad = "UIInterfaceOrientationPortrait UIInterfaceOrientationPortraitUpsideDown UIInterfaceOrientationLandscapeLeft UIInterfaceOrientationLandscapeRight";
				INFOPLIST_KEY_UISupportedInterfaceOrientations_iPhone = "UIInterfaceOrientationPortrait UIInterfaceOrientationLandscapeLeft UIInterfaceOrientationLandscapeRight";
				LD_RUNPATH_SEARCH_PATHS = (
					"$(inherited)",
					"@executable_path/Frameworks",
				);
				MARKETING_VERSION = 1.0;
				PRODUCT_BUNDLE_IDENTIFIER = com.eviseek.AITextApp;
				PRODUCT_NAME = "$(TARGET_NAME)";
				SWIFT_EMIT_LOC_STRINGS = YES;
				SWIFT_VERSION = 5.0;
				TARGETED_DEVICE_FAMILY = "1,2";
			};
			name = Release;
		};
		DD22070C2B8234F0002FD181 /* Debug */ = {
			isa = XCBuildConfiguration;
			buildSettings = {
				ALWAYS_EMBED_SWIFT_STANDARD_LIBRARIES = YES;
				BUNDLE_LOADER = "$(TEST_HOST)";
				CODE_SIGN_STYLE = Automatic;
				CURRENT_PROJECT_VERSION = 1;
				DEVELOPMENT_TEAM = X55V6FTF2T;
				GENERATE_INFOPLIST_FILE = YES;
				IPHONEOS_DEPLOYMENT_TARGET = 17.2;
				MARKETING_VERSION = 1.0;
				PRODUCT_BUNDLE_IDENTIFIER = com.eviseek.AITextAppTests;
				PRODUCT_NAME = "$(TARGET_NAME)";
				SWIFT_EMIT_LOC_STRINGS = NO;
				SWIFT_VERSION = 5.0;
				TARGETED_DEVICE_FAMILY = "1,2";
				TEST_HOST = "$(BUILT_PRODUCTS_DIR)/AITextApp.app/$(BUNDLE_EXECUTABLE_FOLDER_PATH)/AITextApp";
			};
			name = Debug;
		};
		DD22070D2B8234F0002FD181 /* Release */ = {
			isa = XCBuildConfiguration;
			buildSettings = {
				ALWAYS_EMBED_SWIFT_STANDARD_LIBRARIES = YES;
				BUNDLE_LOADER = "$(TEST_HOST)";
				CODE_SIGN_STYLE = Automatic;
				CURRENT_PROJECT_VERSION = 1;
				DEVELOPMENT_TEAM = X55V6FTF2T;
				GENERATE_INFOPLIST_FILE = YES;
				IPHONEOS_DEPLOYMENT_TARGET = 17.2;
				MARKETING_VERSION = 1.0;
				PRODUCT_BUNDLE_IDENTIFIER = com.eviseek.AITextAppTests;
				PRODUCT_NAME = "$(TARGET_NAME)";
				SWIFT_EMIT_LOC_STRINGS = NO;
				SWIFT_VERSION = 5.0;
				TARGETED_DEVICE_FAMILY = "1,2";
				TEST_HOST = "$(BUILT_PRODUCTS_DIR)/AITextApp.app/$(BUNDLE_EXECUTABLE_FOLDER_PATH)/AITextApp";
			};
			name = Release;
		};
		DD22070F2B8234F0002FD181 /* Debug */ = {
			isa = XCBuildConfiguration;
			buildSettings = {
				ALWAYS_EMBED_SWIFT_STANDARD_LIBRARIES = YES;
				CODE_SIGN_STYLE = Automatic;
				CURRENT_PROJECT_VERSION = 1;
				DEVELOPMENT_TEAM = X55V6FTF2T;
				GENERATE_INFOPLIST_FILE = YES;
				MARKETING_VERSION = 1.0;
				PRODUCT_BUNDLE_IDENTIFIER = com.eviseek.AITextAppUITests;
				PRODUCT_NAME = "$(TARGET_NAME)";
				SWIFT_EMIT_LOC_STRINGS = NO;
				SWIFT_VERSION = 5.0;
				TARGETED_DEVICE_FAMILY = "1,2";
				TEST_TARGET_NAME = AITextApp;
			};
			name = Debug;
		};
		DD2207102B8234F0002FD181 /* Release */ = {
			isa = XCBuildConfiguration;
			buildSettings = {
				ALWAYS_EMBED_SWIFT_STANDARD_LIBRARIES = YES;
				CODE_SIGN_STYLE = Automatic;
				CURRENT_PROJECT_VERSION = 1;
				DEVELOPMENT_TEAM = X55V6FTF2T;
				GENERATE_INFOPLIST_FILE = YES;
				MARKETING_VERSION = 1.0;
				PRODUCT_BUNDLE_IDENTIFIER = com.eviseek.AITextAppUITests;
				PRODUCT_NAME = "$(TARGET_NAME)";
				SWIFT_EMIT_LOC_STRINGS = NO;
				SWIFT_VERSION = 5.0;
				TARGETED_DEVICE_FAMILY = "1,2";
				TEST_TARGET_NAME = AITextApp;
			};
			name = Release;
		};
/* End XCBuildConfiguration section */

/* Begin XCConfigurationList section */
		DD2206DF2B8234ED002FD181 /* Build configuration list for PBXProject "AITextApp" */ = {
			isa = XCConfigurationList;
			buildConfigurations = (
				DD2207062B8234F0002FD181 /* Debug */,
				DD2207072B8234F0002FD181 /* Release */,
			);
			defaultConfigurationIsVisible = 0;
			defaultConfigurationName = Release;
		};
		DD2207082B8234F0002FD181 /* Build configuration list for PBXNativeTarget "AITextApp" */ = {
			isa = XCConfigurationList;
			buildConfigurations = (
				DD2207092B8234F0002FD181 /* Debug */,
				DD22070A2B8234F0002FD181 /* Release */,
			);
			defaultConfigurationIsVisible = 0;
			defaultConfigurationName = Release;
		};
		DD22070B2B8234F0002FD181 /* Build configuration list for PBXNativeTarget "AITextAppTests" */ = {
			isa = XCConfigurationList;
			buildConfigurations = (
				DD22070C2B8234F0002FD181 /* Debug */,
				DD22070D2B8234F0002FD181 /* Release */,
			);
			defaultConfigurationIsVisible = 0;
			defaultConfigurationName = Release;
		};
		DD22070E2B8234F0002FD181 /* Build configuration list for PBXNativeTarget "AITextAppUITests" */ = {
			isa = XCConfigurationList;
			buildConfigurations = (
				DD22070F2B8234F0002FD181 /* Debug */,
				DD2207102B8234F0002FD181 /* Release */,
			);
			defaultConfigurationIsVisible = 0;
			defaultConfigurationName = Release;
		};
/* End XCConfigurationList section */
	};
	rootObject = DD2206DC2B8234ED002FD181 /* Project object */;
}
